// !$*UTF8*$!
{
	archiveVersion = 1;
	classes = {
	};
	objectVersion = 50;
	objects = {

/* Begin PBXBuildFile section */
		B84C8BA5212276E300B95E21 /* ReceiptTableViewCell.m in Sources */ = {isa = PBXBuildFile; fileRef = B84C8BA4212276E300B95E21 /* ReceiptTableViewCell.m */; };
		B868491F211A9B9F000D82C1 /* ExchangeViewController.m in Sources */ = {isa = PBXBuildFile; fileRef = B868491E211A9B9F000D82C1 /* ExchangeViewController.m */; };
		B8684923211A9BE7000D82C1 /* BitcoinApi.m in Sources */ = {isa = PBXBuildFile; fileRef = B8684922211A9BE7000D82C1 /* BitcoinApi.m */; };
		B874E936211D46460087F691 /* CoinTableViewCell.m in Sources */ = {isa = PBXBuildFile; fileRef = B874E935211D46460087F691 /* CoinTableViewCell.m */; };
		B87BA654211932EA0049C9AE /* CryptoUtils.m in Sources */ = {isa = PBXBuildFile; fileRef = B87BA653211932EA0049C9AE /* CryptoUtils.m */; };
		B88521F12120818D0085739C /* FSError.m in Sources */ = {isa = PBXBuildFile; fileRef = B88521F02120818D0085739C /* FSError.m */; };
		B88521F42120E0370085739C /* MoneyFormat.m in Sources */ = {isa = PBXBuildFile; fileRef = B88521F32120E0370085739C /* MoneyFormat.m */; };
		B88521F82120EA670085739C /* TradeViewController.m in Sources */ = {isa = PBXBuildFile; fileRef = B88521F72120EA670085739C /* TradeViewController.m */; };
		B88521FC2120EB9E0085739C /* TradeViewModel.m in Sources */ = {isa = PBXBuildFile; fileRef = B88521FB2120EB9E0085739C /* TradeViewModel.m */; };
		B88521FF21210D900085739C /* MoneyTextField.m in Sources */ = {isa = PBXBuildFile; fileRef = B88521FE21210D900085739C /* MoneyTextField.m */; };
		B885220221212A160085739C /* Operation.m in Sources */ = {isa = PBXBuildFile; fileRef = B885220121212A160085739C /* Operation.m */; };
		B88522062121447B0085739C /* ReceiptViewController.m in Sources */ = {isa = PBXBuildFile; fileRef = B88522052121447B0085739C /* ReceiptViewController.m */; };
		B885220A212144E30085739C /* ReceiptViewModel.m in Sources */ = {isa = PBXBuildFile; fileRef = B8852209212144E30085739C /* ReceiptViewModel.m */; };
		B8AB0F51211BD6FD0061BAA0 /* ExchangeViewModel.m in Sources */ = {isa = PBXBuildFile; fileRef = B8AB0F50211BD6FD0061BAA0 /* ExchangeViewModel.m */; };
		B8AB0F54211BD7510061BAA0 /* ExchangeService.m in Sources */ = {isa = PBXBuildFile; fileRef = B8AB0F53211BD7510061BAA0 /* ExchangeService.m */; };
		B8AC8306211F1FE8005FB9B4 /* BritaApi.m in Sources */ = {isa = PBXBuildFile; fileRef = B8AC8305211F1FE8005FB9B4 /* BritaApi.m */; };
		B8AC830C211F2F0B005FB9B4 /* CoinPrice.m in Sources */ = {isa = PBXBuildFile; fileRef = B8AC830B211F2F0B005FB9B4 /* CoinPrice.m */; };
		B8B5969A2115F871003B1480 /* AppDelegate.m in Sources */ = {isa = PBXBuildFile; fileRef = B8B596992115F871003B1480 /* AppDelegate.m */; };
		B8B5969D2115F871003B1480 /* ViewController.m in Sources */ = {isa = PBXBuildFile; fileRef = B8B5969C2115F871003B1480 /* ViewController.m */; };
		B8B596A02115F871003B1480 /* Main.storyboard in Resources */ = {isa = PBXBuildFile; fileRef = B8B5969E2115F871003B1480 /* Main.storyboard */; };
		B8B596A32115F871003B1480 /* Digiwallet.xcdatamodeld in Sources */ = {isa = PBXBuildFile; fileRef = B8B596A12115F871003B1480 /* Digiwallet.xcdatamodeld */; };
		B8B596A52115F881003B1480 /* Assets.xcassets in Resources */ = {isa = PBXBuildFile; fileRef = B8B596A42115F881003B1480 /* Assets.xcassets */; };
		B8B596A82115F881003B1480 /* LaunchScreen.storyboard in Resources */ = {isa = PBXBuildFile; fileRef = B8B596A62115F881003B1480 /* LaunchScreen.storyboard */; };
		B8B596AB2115F881003B1480 /* main.m in Sources */ = {isa = PBXBuildFile; fileRef = B8B596AA2115F881003B1480 /* main.m */; };
		B8B596B52115F882003B1480 /* UserViewModelTests.m in Sources */ = {isa = PBXBuildFile; fileRef = B8B596B42115F882003B1480 /* UserViewModelTests.m */; };
		B8B596C02115F882003B1480 /* DigiwalletUITests.m in Sources */ = {isa = PBXBuildFile; fileRef = B8B596BF2115F882003B1480 /* DigiwalletUITests.m */; };
		B8B596D121162CAC003B1480 /* UserViewModel.m in Sources */ = {isa = PBXBuildFile; fileRef = B8B596D021162CAC003B1480 /* UserViewModel.m */; };
		B8B596D621162E48003B1480 /* LoginViewController.m in Sources */ = {isa = PBXBuildFile; fileRef = B8B596D521162E48003B1480 /* LoginViewController.m */; };
		B8D7BF1B2125193300B65D5F /* ExchangeServiceTests.m in Sources */ = {isa = PBXBuildFile; fileRef = B8D7BF1A2125193300B65D5F /* ExchangeServiceTests.m */; };
		B8F2562B211762890008C00C /* User.m in Sources */ = {isa = PBXBuildFile; fileRef = B8F2562A211762890008C00C /* User.m */; };
		B8F2562F211796880008C00C /* LoginService.m in Sources */ = {isa = PBXBuildFile; fileRef = B8F2562E211796880008C00C /* LoginService.m */; };
		C5313A10925AB40FE358CB7C /* libPods-Digiwallet.a in Frameworks */ = {isa = PBXBuildFile; fileRef = 5A55BA7401B203B4AC583254 /* libPods-Digiwallet.a */; };
		D78F7959F1473C873D030A3C /* libPods-DigiwalletTests.a in Frameworks */ = {isa = PBXBuildFile; fileRef = 0D6E1DBD9B8D4BD444CE9844 /* libPods-DigiwalletTests.a */; };
		E248BDC47946D4D425277479 /* libPods-DigiwalletUITests.a in Frameworks */ = {isa = PBXBuildFile; fileRef = F50C03B7871D0B41E6A0D42A /* libPods-DigiwalletUITests.a */; };
/* End PBXBuildFile section */

/* Begin PBXContainerItemProxy section */
		B8B596B12115F882003B1480 /* PBXContainerItemProxy */ = {
			isa = PBXContainerItemProxy;
			containerPortal = B8B5968D2115F870003B1480 /* Project object */;
			proxyType = 1;
			remoteGlobalIDString = B8B596942115F870003B1480;
			remoteInfo = Digiwallet;
		};
		B8B596BC2115F882003B1480 /* PBXContainerItemProxy */ = {
			isa = PBXContainerItemProxy;
			containerPortal = B8B5968D2115F870003B1480 /* Project object */;
			proxyType = 1;
			remoteGlobalIDString = B8B596942115F870003B1480;
			remoteInfo = Digiwallet;
		};
/* End PBXContainerItemProxy section */

/* Begin PBXFileReference section */
		0176B335DE9B62022237ACE3 /* Pods-Digiwallet.debug.xcconfig */ = {isa = PBXFileReference; includeInIndex = 1; lastKnownFileType = text.xcconfig; name = "Pods-Digiwallet.debug.xcconfig"; path = "Pods/Target Support Files/Pods-Digiwallet/Pods-Digiwallet.debug.xcconfig"; sourceTree = "<group>"; };
		0D6E1DBD9B8D4BD444CE9844 /* libPods-DigiwalletTests.a */ = {isa = PBXFileReference; explicitFileType = archive.ar; includeInIndex = 0; path = "libPods-DigiwalletTests.a"; sourceTree = BUILT_PRODUCTS_DIR; };
		3EC8378AEFED9B53DBED3292 /* Pods-DigiwalletTests.debug.xcconfig */ = {isa = PBXFileReference; includeInIndex = 1; lastKnownFileType = text.xcconfig; name = "Pods-DigiwalletTests.debug.xcconfig"; path = "Pods/Target Support Files/Pods-DigiwalletTests/Pods-DigiwalletTests.debug.xcconfig"; sourceTree = "<group>"; };
		5A55BA7401B203B4AC583254 /* libPods-Digiwallet.a */ = {isa = PBXFileReference; explicitFileType = archive.ar; includeInIndex = 0; path = "libPods-Digiwallet.a"; sourceTree = BUILT_PRODUCTS_DIR; };
		7006ADFFFA6CDE78131D4DAB /* Pods-Digiwallet.release.xcconfig */ = {isa = PBXFileReference; includeInIndex = 1; lastKnownFileType = text.xcconfig; name = "Pods-Digiwallet.release.xcconfig"; path = "Pods/Target Support Files/Pods-Digiwallet/Pods-Digiwallet.release.xcconfig"; sourceTree = "<group>"; };
		818081047FC078246C4CE245 /* Pods-DigiwalletTests.release.xcconfig */ = {isa = PBXFileReference; includeInIndex = 1; lastKnownFileType = text.xcconfig; name = "Pods-DigiwalletTests.release.xcconfig"; path = "Pods/Target Support Files/Pods-DigiwalletTests/Pods-DigiwalletTests.release.xcconfig"; sourceTree = "<group>"; };
		9DAA8DD9BD897E111C39C5BF /* Pods-DigiwalletUITests.debug.xcconfig */ = {isa = PBXFileReference; includeInIndex = 1; lastKnownFileType = text.xcconfig; name = "Pods-DigiwalletUITests.debug.xcconfig"; path = "Pods/Target Support Files/Pods-DigiwalletUITests/Pods-DigiwalletUITests.debug.xcconfig"; sourceTree = "<group>"; };
		B84C8BA3212276E300B95E21 /* ReceiptTableViewCell.h */ = {isa = PBXFileReference; lastKnownFileType = sourcecode.c.h; path = ReceiptTableViewCell.h; sourceTree = "<group>"; };
		B84C8BA4212276E300B95E21 /* ReceiptTableViewCell.m */ = {isa = PBXFileReference; lastKnownFileType = sourcecode.c.objc; path = ReceiptTableViewCell.m; sourceTree = "<group>"; };
		B868491D211A9B9F000D82C1 /* ExchangeViewController.h */ = {isa = PBXFileReference; lastKnownFileType = sourcecode.c.h; path = ExchangeViewController.h; sourceTree = "<group>"; };
		B868491E211A9B9F000D82C1 /* ExchangeViewController.m */ = {isa = PBXFileReference; lastKnownFileType = sourcecode.c.objc; path = ExchangeViewController.m; sourceTree = "<group>"; };
		B8684921211A9BE7000D82C1 /* BitcoinApi.h */ = {isa = PBXFileReference; lastKnownFileType = sourcecode.c.h; path = BitcoinApi.h; sourceTree = "<group>"; };
		B8684922211A9BE7000D82C1 /* BitcoinApi.m */ = {isa = PBXFileReference; lastKnownFileType = sourcecode.c.objc; path = BitcoinApi.m; sourceTree = "<group>"; };
		B874E934211D46460087F691 /* CoinTableViewCell.h */ = {isa = PBXFileReference; lastKnownFileType = sourcecode.c.h; path = CoinTableViewCell.h; sourceTree = "<group>"; };
		B874E935211D46460087F691 /* CoinTableViewCell.m */ = {isa = PBXFileReference; lastKnownFileType = sourcecode.c.objc; path = CoinTableViewCell.m; sourceTree = "<group>"; };
		B87BA652211932EA0049C9AE /* CryptoUtils.h */ = {isa = PBXFileReference; lastKnownFileType = sourcecode.c.h; path = CryptoUtils.h; sourceTree = "<group>"; };
		B87BA653211932EA0049C9AE /* CryptoUtils.m */ = {isa = PBXFileReference; lastKnownFileType = sourcecode.c.objc; path = CryptoUtils.m; sourceTree = "<group>"; };
		B88521EF2120818D0085739C /* FSError.h */ = {isa = PBXFileReference; lastKnownFileType = sourcecode.c.h; path = FSError.h; sourceTree = "<group>"; };
		B88521F02120818D0085739C /* FSError.m */ = {isa = PBXFileReference; lastKnownFileType = sourcecode.c.objc; path = FSError.m; sourceTree = "<group>"; };
		B88521F22120E0370085739C /* MoneyFormat.h */ = {isa = PBXFileReference; lastKnownFileType = sourcecode.c.h; path = MoneyFormat.h; sourceTree = "<group>"; };
		B88521F32120E0370085739C /* MoneyFormat.m */ = {isa = PBXFileReference; lastKnownFileType = sourcecode.c.objc; path = MoneyFormat.m; sourceTree = "<group>"; };
		B88521F62120EA670085739C /* TradeViewController.h */ = {isa = PBXFileReference; lastKnownFileType = sourcecode.c.h; path = TradeViewController.h; sourceTree = "<group>"; };
		B88521F72120EA670085739C /* TradeViewController.m */ = {isa = PBXFileReference; lastKnownFileType = sourcecode.c.objc; path = TradeViewController.m; sourceTree = "<group>"; };
		B88521FA2120EB9E0085739C /* TradeViewModel.h */ = {isa = PBXFileReference; lastKnownFileType = sourcecode.c.h; path = TradeViewModel.h; sourceTree = "<group>"; };
		B88521FB2120EB9E0085739C /* TradeViewModel.m */ = {isa = PBXFileReference; lastKnownFileType = sourcecode.c.objc; path = TradeViewModel.m; sourceTree = "<group>"; };
		B88521FD21210D900085739C /* MoneyTextField.h */ = {isa = PBXFileReference; lastKnownFileType = sourcecode.c.h; path = MoneyTextField.h; sourceTree = "<group>"; };
		B88521FE21210D900085739C /* MoneyTextField.m */ = {isa = PBXFileReference; lastKnownFileType = sourcecode.c.objc; path = MoneyTextField.m; sourceTree = "<group>"; };
		B885220021212A160085739C /* Operation.h */ = {isa = PBXFileReference; lastKnownFileType = sourcecode.c.h; path = Operation.h; sourceTree = "<group>"; };
		B885220121212A160085739C /* Operation.m */ = {isa = PBXFileReference; lastKnownFileType = sourcecode.c.objc; path = Operation.m; sourceTree = "<group>"; };
		B88522042121447B0085739C /* ReceiptViewController.h */ = {isa = PBXFileReference; lastKnownFileType = sourcecode.c.h; path = ReceiptViewController.h; sourceTree = "<group>"; };
		B88522052121447B0085739C /* ReceiptViewController.m */ = {isa = PBXFileReference; lastKnownFileType = sourcecode.c.objc; path = ReceiptViewController.m; sourceTree = "<group>"; };
		B8852208212144E30085739C /* ReceiptViewModel.h */ = {isa = PBXFileReference; lastKnownFileType = sourcecode.c.h; path = ReceiptViewModel.h; sourceTree = "<group>"; };
		B8852209212144E30085739C /* ReceiptViewModel.m */ = {isa = PBXFileReference; lastKnownFileType = sourcecode.c.objc; path = ReceiptViewModel.m; sourceTree = "<group>"; };
		B8AB0F4F211BD6FD0061BAA0 /* ExchangeViewModel.h */ = {isa = PBXFileReference; lastKnownFileType = sourcecode.c.h; path = ExchangeViewModel.h; sourceTree = "<group>"; };
		B8AB0F50211BD6FD0061BAA0 /* ExchangeViewModel.m */ = {isa = PBXFileReference; lastKnownFileType = sourcecode.c.objc; path = ExchangeViewModel.m; sourceTree = "<group>"; };
		B8AB0F52211BD7510061BAA0 /* ExchangeService.h */ = {isa = PBXFileReference; lastKnownFileType = sourcecode.c.h; path = ExchangeService.h; sourceTree = "<group>"; };
		B8AB0F53211BD7510061BAA0 /* ExchangeService.m */ = {isa = PBXFileReference; lastKnownFileType = sourcecode.c.objc; path = ExchangeService.m; sourceTree = "<group>"; };
		B8AC8304211F1FE8005FB9B4 /* BritaApi.h */ = {isa = PBXFileReference; lastKnownFileType = sourcecode.c.h; path = BritaApi.h; sourceTree = "<group>"; };
		B8AC8305211F1FE8005FB9B4 /* BritaApi.m */ = {isa = PBXFileReference; lastKnownFileType = sourcecode.c.objc; path = BritaApi.m; sourceTree = "<group>"; };
		B8AC830A211F2F0B005FB9B4 /* CoinPrice.h */ = {isa = PBXFileReference; lastKnownFileType = sourcecode.c.h; path = CoinPrice.h; sourceTree = "<group>"; };
		B8AC830B211F2F0B005FB9B4 /* CoinPrice.m */ = {isa = PBXFileReference; lastKnownFileType = sourcecode.c.objc; path = CoinPrice.m; sourceTree = "<group>"; };
		B8B596952115F870003B1480 /* Digiwallet.app */ = {isa = PBXFileReference; explicitFileType = wrapper.application; includeInIndex = 0; path = Digiwallet.app; sourceTree = BUILT_PRODUCTS_DIR; };
		B8B596982115F871003B1480 /* AppDelegate.h */ = {isa = PBXFileReference; lastKnownFileType = sourcecode.c.h; path = AppDelegate.h; sourceTree = "<group>"; };
		B8B596992115F871003B1480 /* AppDelegate.m */ = {isa = PBXFileReference; lastKnownFileType = sourcecode.c.objc; path = AppDelegate.m; sourceTree = "<group>"; };
		B8B5969B2115F871003B1480 /* ViewController.h */ = {isa = PBXFileReference; lastKnownFileType = sourcecode.c.h; path = ViewController.h; sourceTree = "<group>"; };
		B8B5969C2115F871003B1480 /* ViewController.m */ = {isa = PBXFileReference; lastKnownFileType = sourcecode.c.objc; path = ViewController.m; sourceTree = "<group>"; };
		B8B5969F2115F871003B1480 /* Base */ = {isa = PBXFileReference; lastKnownFileType = file.storyboard; name = Base; path = Base.lproj/Main.storyboard; sourceTree = "<group>"; };
		B8B596A22115F871003B1480 /* Digiwallet.xcdatamodel */ = {isa = PBXFileReference; lastKnownFileType = wrapper.xcdatamodel; path = Digiwallet.xcdatamodel; sourceTree = "<group>"; };
		B8B596A42115F881003B1480 /* Assets.xcassets */ = {isa = PBXFileReference; lastKnownFileType = folder.assetcatalog; path = Assets.xcassets; sourceTree = "<group>"; };
		B8B596A72115F881003B1480 /* Base */ = {isa = PBXFileReference; lastKnownFileType = file.storyboard; name = Base; path = Base.lproj/LaunchScreen.storyboard; sourceTree = "<group>"; };
		B8B596A92115F881003B1480 /* Info.plist */ = {isa = PBXFileReference; lastKnownFileType = text.plist.xml; path = Info.plist; sourceTree = "<group>"; };
		B8B596AA2115F881003B1480 /* main.m */ = {isa = PBXFileReference; lastKnownFileType = sourcecode.c.objc; path = main.m; sourceTree = "<group>"; };
		B8B596B02115F882003B1480 /* DigiwalletTests.xctest */ = {isa = PBXFileReference; explicitFileType = wrapper.cfbundle; includeInIndex = 0; path = DigiwalletTests.xctest; sourceTree = BUILT_PRODUCTS_DIR; };
		B8B596B42115F882003B1480 /* UserViewModelTests.m */ = {isa = PBXFileReference; lastKnownFileType = sourcecode.c.objc; path = UserViewModelTests.m; sourceTree = "<group>"; };
		B8B596B62115F882003B1480 /* Info.plist */ = {isa = PBXFileReference; lastKnownFileType = text.plist.xml; path = Info.plist; sourceTree = "<group>"; };
		B8B596BB2115F882003B1480 /* DigiwalletUITests.xctest */ = {isa = PBXFileReference; explicitFileType = wrapper.cfbundle; includeInIndex = 0; path = DigiwalletUITests.xctest; sourceTree = BUILT_PRODUCTS_DIR; };
		B8B596BF2115F882003B1480 /* DigiwalletUITests.m */ = {isa = PBXFileReference; lastKnownFileType = sourcecode.c.objc; path = DigiwalletUITests.m; sourceTree = "<group>"; };
		B8B596C12115F882003B1480 /* Info.plist */ = {isa = PBXFileReference; lastKnownFileType = text.plist.xml; path = Info.plist; sourceTree = "<group>"; };
		B8B596D021162CAC003B1480 /* UserViewModel.m */ = {isa = PBXFileReference; lastKnownFileType = sourcecode.c.objc; path = UserViewModel.m; sourceTree = "<group>"; };
		B8B596D221162CBE003B1480 /* UserViewModel.h */ = {isa = PBXFileReference; lastKnownFileType = sourcecode.c.h; path = UserViewModel.h; sourceTree = "<group>"; };
		B8B596D421162E48003B1480 /* LoginViewController.h */ = {isa = PBXFileReference; lastKnownFileType = sourcecode.c.h; path = LoginViewController.h; sourceTree = "<group>"; };
		B8B596D521162E48003B1480 /* LoginViewController.m */ = {isa = PBXFileReference; lastKnownFileType = sourcecode.c.objc; path = LoginViewController.m; sourceTree = "<group>"; };
		B8D7BF1A2125193300B65D5F /* ExchangeServiceTests.m */ = {isa = PBXFileReference; lastKnownFileType = sourcecode.c.objc; path = ExchangeServiceTests.m; sourceTree = "<group>"; };
		B8F25629211762890008C00C /* User.h */ = {isa = PBXFileReference; lastKnownFileType = sourcecode.c.h; path = User.h; sourceTree = "<group>"; };
		B8F2562A211762890008C00C /* User.m */ = {isa = PBXFileReference; lastKnownFileType = sourcecode.c.objc; path = User.m; sourceTree = "<group>"; };
		B8F2562D211796880008C00C /* LoginService.h */ = {isa = PBXFileReference; lastKnownFileType = sourcecode.c.h; path = LoginService.h; sourceTree = "<group>"; };
		B8F2562E211796880008C00C /* LoginService.m */ = {isa = PBXFileReference; lastKnownFileType = sourcecode.c.objc; path = LoginService.m; sourceTree = "<group>"; };
		C8D4C3B75E1D21956CE5763D /* Pods-DigiwalletUITests.release.xcconfig */ = {isa = PBXFileReference; includeInIndex = 1; lastKnownFileType = text.xcconfig; name = "Pods-DigiwalletUITests.release.xcconfig"; path = "Pods/Target Support Files/Pods-DigiwalletUITests/Pods-DigiwalletUITests.release.xcconfig"; sourceTree = "<group>"; };
		F50C03B7871D0B41E6A0D42A /* libPods-DigiwalletUITests.a */ = {isa = PBXFileReference; explicitFileType = archive.ar; includeInIndex = 0; path = "libPods-DigiwalletUITests.a"; sourceTree = BUILT_PRODUCTS_DIR; };
/* End PBXFileReference section */

/* Begin PBXFrameworksBuildPhase section */
		B8B596922115F870003B1480 /* Frameworks */ = {
			isa = PBXFrameworksBuildPhase;
			buildActionMask = 2147483647;
			files = (
				C5313A10925AB40FE358CB7C /* libPods-Digiwallet.a in Frameworks */,
			);
			runOnlyForDeploymentPostprocessing = 0;
		};
		B8B596AD2115F882003B1480 /* Frameworks */ = {
			isa = PBXFrameworksBuildPhase;
			buildActionMask = 2147483647;
			files = (
				D78F7959F1473C873D030A3C /* libPods-DigiwalletTests.a in Frameworks */,
			);
			runOnlyForDeploymentPostprocessing = 0;
		};
		B8B596B82115F882003B1480 /* Frameworks */ = {
			isa = PBXFrameworksBuildPhase;
			buildActionMask = 2147483647;
			files = (
				E248BDC47946D4D425277479 /* libPods-DigiwalletUITests.a in Frameworks */,
			);
			runOnlyForDeploymentPostprocessing = 0;
		};
/* End PBXFrameworksBuildPhase section */

/* Begin PBXGroup section */
		48CECE3918A1BF40B9ECC11C /* Pods */ = {
			isa = PBXGroup;
			children = (
				0176B335DE9B62022237ACE3 /* Pods-Digiwallet.debug.xcconfig */,
				7006ADFFFA6CDE78131D4DAB /* Pods-Digiwallet.release.xcconfig */,
				3EC8378AEFED9B53DBED3292 /* Pods-DigiwalletTests.debug.xcconfig */,
				818081047FC078246C4CE245 /* Pods-DigiwalletTests.release.xcconfig */,
				9DAA8DD9BD897E111C39C5BF /* Pods-DigiwalletUITests.debug.xcconfig */,
				C8D4C3B75E1D21956CE5763D /* Pods-DigiwalletUITests.release.xcconfig */,
			);
			name = Pods;
			sourceTree = "<group>";
		};
		B84C8BA2212276C700B95E21 /* Cell */ = {
			isa = PBXGroup;
			children = (
				B84C8BA3212276E300B95E21 /* ReceiptTableViewCell.h */,
				B84C8BA4212276E300B95E21 /* ReceiptTableViewCell.m */,
			);
			path = Cell;
			sourceTree = "<group>";
		};
		B868491C211A9B71000D82C1 /* Exchange */ = {
			isa = PBXGroup;
			children = (
				B874E933211D46130087F691 /* Cell */,
				B868491D211A9B9F000D82C1 /* ExchangeViewController.h */,
				B868491E211A9B9F000D82C1 /* ExchangeViewController.m */,
			);
			path = Exchange;
			sourceTree = "<group>";
		};
		B8684920211A9BC3000D82C1 /* Api */ = {
			isa = PBXGroup;
			children = (
				B8684921211A9BE7000D82C1 /* BitcoinApi.h */,
				B8684922211A9BE7000D82C1 /* BitcoinApi.m */,
				B8AC8304211F1FE8005FB9B4 /* BritaApi.h */,
				B8AC8305211F1FE8005FB9B4 /* BritaApi.m */,
			);
			path = Api;
			sourceTree = "<group>";
		};
		B874E933211D46130087F691 /* Cell */ = {
			isa = PBXGroup;
			children = (
				B874E934211D46460087F691 /* CoinTableViewCell.h */,
				B874E935211D46460087F691 /* CoinTableViewCell.m */,
			);
			path = Cell;
			sourceTree = "<group>";
		};
		B87BA651211932C20049C9AE /* Helper */ = {
			isa = PBXGroup;
			children = (
				B87BA652211932EA0049C9AE /* CryptoUtils.h */,
				B87BA653211932EA0049C9AE /* CryptoUtils.m */,
				B88521F22120E0370085739C /* MoneyFormat.h */,
				B88521F32120E0370085739C /* MoneyFormat.m */,
				B88521FD21210D900085739C /* MoneyTextField.h */,
				B88521FE21210D900085739C /* MoneyTextField.m */,
			);
			path = Helper;
			sourceTree = "<group>";
		};
		B88521EE2120816A0085739C /* Error */ = {
			isa = PBXGroup;
			children = (
				B88521EF2120818D0085739C /* FSError.h */,
				B88521F02120818D0085739C /* FSError.m */,
			);
			path = Error;
			sourceTree = "<group>";
		};
		B88521F52120EA4E0085739C /* Trade */ = {
			isa = PBXGroup;
			children = (
				B88521F62120EA670085739C /* TradeViewController.h */,
				B88521F72120EA670085739C /* TradeViewController.m */,
			);
			path = Trade;
			sourceTree = "<group>";
		};
		B88521F92120EB860085739C /* Trade */ = {
			isa = PBXGroup;
			children = (
				B88521FA2120EB9E0085739C /* TradeViewModel.h */,
				B88521FB2120EB9E0085739C /* TradeViewModel.m */,
			);
			path = Trade;
			sourceTree = "<group>";
		};
		B8852203212144640085739C /* Receipt */ = {
			isa = PBXGroup;
			children = (
				B84C8BA2212276C700B95E21 /* Cell */,
				B88522042121447B0085739C /* ReceiptViewController.h */,
				B88522052121447B0085739C /* ReceiptViewController.m */,
			);
			path = Receipt;
			sourceTree = "<group>";
		};
		B8852207212144CF0085739C /* Receipt */ = {
			isa = PBXGroup;
			children = (
				B8852208212144E30085739C /* ReceiptViewModel.h */,
				B8852209212144E30085739C /* ReceiptViewModel.m */,
			);
			path = Receipt;
			sourceTree = "<group>";
		};
		B8AB0F4D211BD6BF0061BAA0 /* User */ = {
			isa = PBXGroup;
			children = (
				B8B596D021162CAC003B1480 /* UserViewModel.m */,
				B8B596D221162CBE003B1480 /* UserViewModel.h */,
			);
			path = User;
			sourceTree = "<group>";
		};
		B8AB0F4E211BD6D40061BAA0 /* Exchange */ = {
			isa = PBXGroup;
			children = (
				B8AB0F4F211BD6FD0061BAA0 /* ExchangeViewModel.h */,
				B8AB0F50211BD6FD0061BAA0 /* ExchangeViewModel.m */,
			);
			path = Exchange;
			sourceTree = "<group>";
		};
		B8B5968C2115F870003B1480 = {
			isa = PBXGroup;
			children = (
				B8B596972115F870003B1480 /* Digiwallet */,
				B8B596B32115F882003B1480 /* DigiwalletTests */,
				B8B596BE2115F882003B1480 /* DigiwalletUITests */,
				B8B596962115F870003B1480 /* Products */,
				48CECE3918A1BF40B9ECC11C /* Pods */,
				F016EE3090622A881CABC88E /* Frameworks */,
			);
			sourceTree = "<group>";
		};
		B8B596962115F870003B1480 /* Products */ = {
			isa = PBXGroup;
			children = (
				B8B596952115F870003B1480 /* Digiwallet.app */,
				B8B596B02115F882003B1480 /* DigiwalletTests.xctest */,
				B8B596BB2115F882003B1480 /* DigiwalletUITests.xctest */,
			);
			name = Products;
			sourceTree = "<group>";
		};
		B8B596972115F870003B1480 /* Digiwallet */ = {
			isa = PBXGroup;
			children = (
				B88521EE2120816A0085739C /* Error */,
				B8684920211A9BC3000D82C1 /* Api */,
				B87BA651211932C20049C9AE /* Helper */,
				B8F2562C2117659A0008C00C /* Services */,
				B8B596CF21162B27003B1480 /* View */,
				B8B596CE21162B1E003B1480 /* Model */,
				B8B596CD21162ABB003B1480 /* ViewModel */,
				B8B596982115F871003B1480 /* AppDelegate.h */,
				B8B596992115F871003B1480 /* AppDelegate.m */,
				B8B5969B2115F871003B1480 /* ViewController.h */,
				B8B5969C2115F871003B1480 /* ViewController.m */,
				B8B5969E2115F871003B1480 /* Main.storyboard */,
				B8B596A42115F881003B1480 /* Assets.xcassets */,
				B8B596A62115F881003B1480 /* LaunchScreen.storyboard */,
				B8B596A92115F881003B1480 /* Info.plist */,
				B8B596AA2115F881003B1480 /* main.m */,
				B8B596A12115F871003B1480 /* Digiwallet.xcdatamodeld */,
			);
			path = Digiwallet;
			sourceTree = "<group>";
		};
		B8B596B32115F882003B1480 /* DigiwalletTests */ = {
			isa = PBXGroup;
			children = (
				B8B596B42115F882003B1480 /* UserViewModelTests.m */,
				B8B596B62115F882003B1480 /* Info.plist */,
				B8D7BF1A2125193300B65D5F /* ExchangeServiceTests.m */,
			);
			path = DigiwalletTests;
			sourceTree = "<group>";
		};
		B8B596BE2115F882003B1480 /* DigiwalletUITests */ = {
			isa = PBXGroup;
			children = (
				B8B596BF2115F882003B1480 /* DigiwalletUITests.m */,
				B8B596C12115F882003B1480 /* Info.plist */,
			);
			path = DigiwalletUITests;
			sourceTree = "<group>";
		};
		B8B596CD21162ABB003B1480 /* ViewModel */ = {
			isa = PBXGroup;
			children = (
				B8852207212144CF0085739C /* Receipt */,
				B88521F92120EB860085739C /* Trade */,
				B8AB0F4E211BD6D40061BAA0 /* Exchange */,
				B8AB0F4D211BD6BF0061BAA0 /* User */,
			);
			path = ViewModel;
			sourceTree = "<group>";
		};
		B8B596CE21162B1E003B1480 /* Model */ = {
			isa = PBXGroup;
			children = (
				B8F25629211762890008C00C /* User.h */,
				B8F2562A211762890008C00C /* User.m */,
				B8AC830A211F2F0B005FB9B4 /* CoinPrice.h */,
				B8AC830B211F2F0B005FB9B4 /* CoinPrice.m */,
				B885220021212A160085739C /* Operation.h */,
				B885220121212A160085739C /* Operation.m */,
			);
			path = Model;
			sourceTree = "<group>";
		};
		B8B596CF21162B27003B1480 /* View */ = {
			isa = PBXGroup;
			children = (
				B8852203212144640085739C /* Receipt */,
				B88521F52120EA4E0085739C /* Trade */,
				B868491C211A9B71000D82C1 /* Exchange */,
				B8B596D321162E04003B1480 /* Login */,
			);
			path = View;
			sourceTree = "<group>";
		};
		B8B596D321162E04003B1480 /* Login */ = {
			isa = PBXGroup;
			children = (
				B8B596D421162E48003B1480 /* LoginViewController.h */,
				B8B596D521162E48003B1480 /* LoginViewController.m */,
			);
			path = Login;
			sourceTree = "<group>";
		};
		B8F2562C2117659A0008C00C /* Services */ = {
			isa = PBXGroup;
			children = (
				B8F2562D211796880008C00C /* LoginService.h */,
				B8F2562E211796880008C00C /* LoginService.m */,
				B8AB0F52211BD7510061BAA0 /* ExchangeService.h */,
				B8AB0F53211BD7510061BAA0 /* ExchangeService.m */,
			);
			path = Services;
			sourceTree = "<group>";
		};
		F016EE3090622A881CABC88E /* Frameworks */ = {
			isa = PBXGroup;
			children = (
				5A55BA7401B203B4AC583254 /* libPods-Digiwallet.a */,
				0D6E1DBD9B8D4BD444CE9844 /* libPods-DigiwalletTests.a */,
				F50C03B7871D0B41E6A0D42A /* libPods-DigiwalletUITests.a */,
			);
			name = Frameworks;
			sourceTree = "<group>";
		};
/* End PBXGroup section */

/* Begin PBXNativeTarget section */
		B8B596942115F870003B1480 /* Digiwallet */ = {
			isa = PBXNativeTarget;
			buildConfigurationList = B8B596C42115F882003B1480 /* Build configuration list for PBXNativeTarget "Digiwallet" */;
			buildPhases = (
				571E11D2A881FF22BE7D03CC /* [CP] Check Pods Manifest.lock */,
				B8B596912115F870003B1480 /* Sources */,
				B8B596922115F870003B1480 /* Frameworks */,
				B8B596932115F870003B1480 /* Resources */,
			);
			buildRules = (
			);
			dependencies = (
			);
			name = Digiwallet;
			productName = Digiwallet;
			productReference = B8B596952115F870003B1480 /* Digiwallet.app */;
			productType = "com.apple.product-type.application";
		};
		B8B596AF2115F882003B1480 /* DigiwalletTests */ = {
			isa = PBXNativeTarget;
			buildConfigurationList = B8B596C72115F882003B1480 /* Build configuration list for PBXNativeTarget "DigiwalletTests" */;
			buildPhases = (
				B96F98D687DC7FEFB78A5E09 /* [CP] Check Pods Manifest.lock */,
				B8B596AC2115F882003B1480 /* Sources */,
				B8B596AD2115F882003B1480 /* Frameworks */,
				B8B596AE2115F882003B1480 /* Resources */,
			);
			buildRules = (
			);
			dependencies = (
				B8B596B22115F882003B1480 /* PBXTargetDependency */,
			);
			name = DigiwalletTests;
			productName = DigiwalletTests;
			productReference = B8B596B02115F882003B1480 /* DigiwalletTests.xctest */;
			productType = "com.apple.product-type.bundle.unit-test";
		};
		B8B596BA2115F882003B1480 /* DigiwalletUITests */ = {
			isa = PBXNativeTarget;
			buildConfigurationList = B8B596CA2115F882003B1480 /* Build configuration list for PBXNativeTarget "DigiwalletUITests" */;
			buildPhases = (
				A1CA3876CF32843A6BF651BD /* [CP] Check Pods Manifest.lock */,
				B8B596B72115F882003B1480 /* Sources */,
				B8B596B82115F882003B1480 /* Frameworks */,
				B8B596B92115F882003B1480 /* Resources */,
			);
			buildRules = (
			);
			dependencies = (
				B8B596BD2115F882003B1480 /* PBXTargetDependency */,
			);
			name = DigiwalletUITests;
			productName = DigiwalletUITests;
			productReference = B8B596BB2115F882003B1480 /* DigiwalletUITests.xctest */;
			productType = "com.apple.product-type.bundle.ui-testing";
		};
/* End PBXNativeTarget section */

/* Begin PBXProject section */
		B8B5968D2115F870003B1480 /* Project object */ = {
			isa = PBXProject;
			attributes = {
				LastUpgradeCheck = 0940;
				ORGANIZATIONNAME = green;
				TargetAttributes = {
					B8B596942115F870003B1480 = {
						CreatedOnToolsVersion = 9.4.1;
					};
					B8B596AF2115F882003B1480 = {
						CreatedOnToolsVersion = 9.4.1;
						TestTargetID = B8B596942115F870003B1480;
					};
					B8B596BA2115F882003B1480 = {
						CreatedOnToolsVersion = 9.4.1;
						TestTargetID = B8B596942115F870003B1480;
					};
				};
			};
			buildConfigurationList = B8B596902115F870003B1480 /* Build configuration list for PBXProject "Digiwallet" */;
			compatibilityVersion = "Xcode 9.3";
			developmentRegion = en;
			hasScannedForEncodings = 0;
			knownRegions = (
				en,
				Base,
			);
			mainGroup = B8B5968C2115F870003B1480;
			productRefGroup = B8B596962115F870003B1480 /* Products */;
			projectDirPath = "";
			projectRoot = "";
			targets = (
				B8B596942115F870003B1480 /* Digiwallet */,
				B8B596AF2115F882003B1480 /* DigiwalletTests */,
				B8B596BA2115F882003B1480 /* DigiwalletUITests */,
			);
		};
/* End PBXProject section */

/* Begin PBXResourcesBuildPhase section */
		B8B596932115F870003B1480 /* Resources */ = {
			isa = PBXResourcesBuildPhase;
			buildActionMask = 2147483647;
			files = (
				B8B596A82115F881003B1480 /* LaunchScreen.storyboard in Resources */,
				B8B596A52115F881003B1480 /* Assets.xcassets in Resources */,
				B8B596A02115F871003B1480 /* Main.storyboard in Resources */,
			);
			runOnlyForDeploymentPostprocessing = 0;
		};
		B8B596AE2115F882003B1480 /* Resources */ = {
			isa = PBXResourcesBuildPhase;
			buildActionMask = 2147483647;
			files = (
			);
			runOnlyForDeploymentPostprocessing = 0;
		};
		B8B596B92115F882003B1480 /* Resources */ = {
			isa = PBXResourcesBuildPhase;
			buildActionMask = 2147483647;
			files = (
			);
			runOnlyForDeploymentPostprocessing = 0;
		};
/* End PBXResourcesBuildPhase section */

/* Begin PBXShellScriptBuildPhase section */
		571E11D2A881FF22BE7D03CC /* [CP] Check Pods Manifest.lock */ = {
			isa = PBXShellScriptBuildPhase;
			buildActionMask = 2147483647;
			files = (
			);
			inputPaths = (
				"${PODS_PODFILE_DIR_PATH}/Podfile.lock",
				"${PODS_ROOT}/Manifest.lock",
			);
			name = "[CP] Check Pods Manifest.lock";
			outputPaths = (
				"$(DERIVED_FILE_DIR)/Pods-Digiwallet-checkManifestLockResult.txt",
			);
			runOnlyForDeploymentPostprocessing = 0;
			shellPath = /bin/sh;
			shellScript = "diff \"${PODS_PODFILE_DIR_PATH}/Podfile.lock\" \"${PODS_ROOT}/Manifest.lock\" > /dev/null\nif [ $? != 0 ] ; then\n    # print error to STDERR\n    echo \"error: The sandbox is not in sync with the Podfile.lock. Run 'pod install' or update your CocoaPods installation.\" >&2\n    exit 1\nfi\n# This output is used by Xcode 'outputs' to avoid re-running this script phase.\necho \"SUCCESS\" > \"${SCRIPT_OUTPUT_FILE_0}\"\n";
			showEnvVarsInLog = 0;
		};
		A1CA3876CF32843A6BF651BD /* [CP] Check Pods Manifest.lock */ = {
			isa = PBXShellScriptBuildPhase;
			buildActionMask = 2147483647;
			files = (
			);
			inputPaths = (
				"${PODS_PODFILE_DIR_PATH}/Podfile.lock",
				"${PODS_ROOT}/Manifest.lock",
			);
			name = "[CP] Check Pods Manifest.lock";
			outputPaths = (
				"$(DERIVED_FILE_DIR)/Pods-DigiwalletUITests-checkManifestLockResult.txt",
			);
			runOnlyForDeploymentPostprocessing = 0;
			shellPath = /bin/sh;
			shellScript = "diff \"${PODS_PODFILE_DIR_PATH}/Podfile.lock\" \"${PODS_ROOT}/Manifest.lock\" > /dev/null\nif [ $? != 0 ] ; then\n    # print error to STDERR\n    echo \"error: The sandbox is not in sync with the Podfile.lock. Run 'pod install' or update your CocoaPods installation.\" >&2\n    exit 1\nfi\n# This output is used by Xcode 'outputs' to avoid re-running this script phase.\necho \"SUCCESS\" > \"${SCRIPT_OUTPUT_FILE_0}\"\n";
			showEnvVarsInLog = 0;
		};
		B96F98D687DC7FEFB78A5E09 /* [CP] Check Pods Manifest.lock */ = {
			isa = PBXShellScriptBuildPhase;
			buildActionMask = 2147483647;
			files = (
			);
			inputPaths = (
				"${PODS_PODFILE_DIR_PATH}/Podfile.lock",
				"${PODS_ROOT}/Manifest.lock",
			);
			name = "[CP] Check Pods Manifest.lock";
			outputPaths = (
				"$(DERIVED_FILE_DIR)/Pods-DigiwalletTests-checkManifestLockResult.txt",
			);
			runOnlyForDeploymentPostprocessing = 0;
			shellPath = /bin/sh;
			shellScript = "diff \"${PODS_PODFILE_DIR_PATH}/Podfile.lock\" \"${PODS_ROOT}/Manifest.lock\" > /dev/null\nif [ $? != 0 ] ; then\n    # print error to STDERR\n    echo \"error: The sandbox is not in sync with the Podfile.lock. Run 'pod install' or update your CocoaPods installation.\" >&2\n    exit 1\nfi\n# This output is used by Xcode 'outputs' to avoid re-running this script phase.\necho \"SUCCESS\" > \"${SCRIPT_OUTPUT_FILE_0}\"\n";
			showEnvVarsInLog = 0;
		};
/* End PBXShellScriptBuildPhase section */

/* Begin PBXSourcesBuildPhase section */
		B8B596912115F870003B1480 /* Sources */ = {
			isa = PBXSourcesBuildPhase;
			buildActionMask = 2147483647;
			files = (
				B8B596D121162CAC003B1480 /* UserViewModel.m in Sources */,
				B8AC8306211F1FE8005FB9B4 /* BritaApi.m in Sources */,
				B8F2562B211762890008C00C /* User.m in Sources */,
				B88521FC2120EB9E0085739C /* TradeViewModel.m in Sources */,
				B8B596A32115F871003B1480 /* Digiwallet.xcdatamodeld in Sources */,
				B885220A212144E30085739C /* ReceiptViewModel.m in Sources */,
				B8AB0F51211BD6FD0061BAA0 /* ExchangeViewModel.m in Sources */,
				B874E936211D46460087F691 /* CoinTableViewCell.m in Sources */,
				B868491F211A9B9F000D82C1 /* ExchangeViewController.m in Sources */,
				B8F2562F211796880008C00C /* LoginService.m in Sources */,
				B8B596D621162E48003B1480 /* LoginViewController.m in Sources */,
				B88521F42120E0370085739C /* MoneyFormat.m in Sources */,
				B8684923211A9BE7000D82C1 /* BitcoinApi.m in Sources */,
				B84C8BA5212276E300B95E21 /* ReceiptTableViewCell.m in Sources */,
				B88521F82120EA670085739C /* TradeViewController.m in Sources */,
				B88521F12120818D0085739C /* FSError.m in Sources */,
				B8AC830C211F2F0B005FB9B4 /* CoinPrice.m in Sources */,
				B88522062121447B0085739C /* ReceiptViewController.m in Sources */,
				B8B5969D2115F871003B1480 /* ViewController.m in Sources */,
				B8AB0F54211BD7510061BAA0 /* ExchangeService.m in Sources */,
				B885220221212A160085739C /* Operation.m in Sources */,
				B8B596AB2115F881003B1480 /* main.m in Sources */,
				B88521FF21210D900085739C /* MoneyTextField.m in Sources */,
				B8B5969A2115F871003B1480 /* AppDelegate.m in Sources */,
				B87BA654211932EA0049C9AE /* CryptoUtils.m in Sources */,
			);
			runOnlyForDeploymentPostprocessing = 0;
		};
		B8B596AC2115F882003B1480 /* Sources */ = {
			isa = PBXSourcesBuildPhase;
			buildActionMask = 2147483647;
			files = (
				B8D7BF1B2125193300B65D5F /* ExchangeServiceTests.m in Sources */,
				B8B596B52115F882003B1480 /* UserViewModelTests.m in Sources */,
			);
			runOnlyForDeploymentPostprocessing = 0;
		};
		B8B596B72115F882003B1480 /* Sources */ = {
			isa = PBXSourcesBuildPhase;
			buildActionMask = 2147483647;
			files = (
				B8B596C02115F882003B1480 /* DigiwalletUITests.m in Sources */,
			);
			runOnlyForDeploymentPostprocessing = 0;
		};
/* End PBXSourcesBuildPhase section */

/* Begin PBXTargetDependency section */
		B8B596B22115F882003B1480 /* PBXTargetDependency */ = {
			isa = PBXTargetDependency;
			target = B8B596942115F870003B1480 /* Digiwallet */;
			targetProxy = B8B596B12115F882003B1480 /* PBXContainerItemProxy */;
		};
		B8B596BD2115F882003B1480 /* PBXTargetDependency */ = {
			isa = PBXTargetDependency;
			target = B8B596942115F870003B1480 /* Digiwallet */;
			targetProxy = B8B596BC2115F882003B1480 /* PBXContainerItemProxy */;
		};
/* End PBXTargetDependency section */

/* Begin PBXVariantGroup section */
		B8B5969E2115F871003B1480 /* Main.storyboard */ = {
			isa = PBXVariantGroup;
			children = (
				B8B5969F2115F871003B1480 /* Base */,
			);
			name = Main.storyboard;
			sourceTree = "<group>";
		};
		B8B596A62115F881003B1480 /* LaunchScreen.storyboard */ = {
			isa = PBXVariantGroup;
			children = (
				B8B596A72115F881003B1480 /* Base */,
			);
			name = LaunchScreen.storyboard;
			sourceTree = "<group>";
		};
/* End PBXVariantGroup section */

/* Begin XCBuildConfiguration section */
		B8B596C22115F882003B1480 /* Debug */ = {
			isa = XCBuildConfiguration;
			buildSettings = {
				ALWAYS_SEARCH_USER_PATHS = NO;
				CLANG_ANALYZER_NONNULL = YES;
				CLANG_ANALYZER_NUMBER_OBJECT_CONVERSION = YES_AGGRESSIVE;
				CLANG_CXX_LANGUAGE_STANDARD = "gnu++14";
				CLANG_CXX_LIBRARY = "libc++";
				CLANG_ENABLE_MODULES = YES;
				CLANG_ENABLE_OBJC_ARC = YES;
				CLANG_ENABLE_OBJC_WEAK = YES;
				CLANG_WARN_BLOCK_CAPTURE_AUTORELEASING = YES;
				CLANG_WARN_BOOL_CONVERSION = YES;
				CLANG_WARN_COMMA = YES;
				CLANG_WARN_CONSTANT_CONVERSION = YES;
				CLANG_WARN_DEPRECATED_OBJC_IMPLEMENTATIONS = YES;
				CLANG_WARN_DIRECT_OBJC_ISA_USAGE = YES_ERROR;
				CLANG_WARN_DOCUMENTATION_COMMENTS = YES;
				CLANG_WARN_EMPTY_BODY = YES;
				CLANG_WARN_ENUM_CONVERSION = YES;
				CLANG_WARN_INFINITE_RECURSION = YES;
				CLANG_WARN_INT_CONVERSION = YES;
				CLANG_WARN_NON_LITERAL_NULL_CONVERSION = YES;
				CLANG_WARN_OBJC_IMPLICIT_RETAIN_SELF = YES;
				CLANG_WARN_OBJC_LITERAL_CONVERSION = YES;
				CLANG_WARN_OBJC_ROOT_CLASS = YES_ERROR;
				CLANG_WARN_RANGE_LOOP_ANALYSIS = YES;
				CLANG_WARN_STRICT_PROTOTYPES = YES;
				CLANG_WARN_SUSPICIOUS_MOVE = YES;
				CLANG_WARN_UNGUARDED_AVAILABILITY = YES_AGGRESSIVE;
				CLANG_WARN_UNREACHABLE_CODE = YES;
				CLANG_WARN__DUPLICATE_METHOD_MATCH = YES;
				CODE_SIGN_IDENTITY = "iPhone Developer";
				COPY_PHASE_STRIP = NO;
				DEBUG_INFORMATION_FORMAT = dwarf;
				ENABLE_STRICT_OBJC_MSGSEND = YES;
				ENABLE_TESTABILITY = YES;
				GCC_C_LANGUAGE_STANDARD = gnu11;
				GCC_DYNAMIC_NO_PIC = NO;
				GCC_NO_COMMON_BLOCKS = YES;
				GCC_OPTIMIZATION_LEVEL = 0;
				GCC_PREPROCESSOR_DEFINITIONS = (
					"DEBUG=1",
					"$(inherited)",
				);
				GCC_WARN_64_TO_32_BIT_CONVERSION = YES;
				GCC_WARN_ABOUT_RETURN_TYPE = YES_ERROR;
				GCC_WARN_UNDECLARED_SELECTOR = YES;
				GCC_WARN_UNINITIALIZED_AUTOS = YES_AGGRESSIVE;
				GCC_WARN_UNUSED_FUNCTION = YES;
				GCC_WARN_UNUSED_VARIABLE = YES;
				IPHONEOS_DEPLOYMENT_TARGET = 11.4;
				MTL_ENABLE_DEBUG_INFO = YES;
				ONLY_ACTIVE_ARCH = YES;
				SDKROOT = iphoneos;
			};
			name = Debug;
		};
		B8B596C32115F882003B1480 /* Release */ = {
			isa = XCBuildConfiguration;
			buildSettings = {
				ALWAYS_SEARCH_USER_PATHS = NO;
				CLANG_ANALYZER_NONNULL = YES;
				CLANG_ANALYZER_NUMBER_OBJECT_CONVERSION = YES_AGGRESSIVE;
				CLANG_CXX_LANGUAGE_STANDARD = "gnu++14";
				CLANG_CXX_LIBRARY = "libc++";
				CLANG_ENABLE_MODULES = YES;
				CLANG_ENABLE_OBJC_ARC = YES;
				CLANG_ENABLE_OBJC_WEAK = YES;
				CLANG_WARN_BLOCK_CAPTURE_AUTORELEASING = YES;
				CLANG_WARN_BOOL_CONVERSION = YES;
				CLANG_WARN_COMMA = YES;
				CLANG_WARN_CONSTANT_CONVERSION = YES;
				CLANG_WARN_DEPRECATED_OBJC_IMPLEMENTATIONS = YES;
				CLANG_WARN_DIRECT_OBJC_ISA_USAGE = YES_ERROR;
				CLANG_WARN_DOCUMENTATION_COMMENTS = YES;
				CLANG_WARN_EMPTY_BODY = YES;
				CLANG_WARN_ENUM_CONVERSION = YES;
				CLANG_WARN_INFINITE_RECURSION = YES;
				CLANG_WARN_INT_CONVERSION = YES;
				CLANG_WARN_NON_LITERAL_NULL_CONVERSION = YES;
				CLANG_WARN_OBJC_IMPLICIT_RETAIN_SELF = YES;
				CLANG_WARN_OBJC_LITERAL_CONVERSION = YES;
				CLANG_WARN_OBJC_ROOT_CLASS = YES_ERROR;
				CLANG_WARN_RANGE_LOOP_ANALYSIS = YES;
				CLANG_WARN_STRICT_PROTOTYPES = YES;
				CLANG_WARN_SUSPICIOUS_MOVE = YES;
				CLANG_WARN_UNGUARDED_AVAILABILITY = YES_AGGRESSIVE;
				CLANG_WARN_UNREACHABLE_CODE = YES;
				CLANG_WARN__DUPLICATE_METHOD_MATCH = YES;
				CODE_SIGN_IDENTITY = "iPhone Developer";
				COPY_PHASE_STRIP = NO;
				DEBUG_INFORMATION_FORMAT = "dwarf-with-dsym";
				ENABLE_NS_ASSERTIONS = NO;
				ENABLE_STRICT_OBJC_MSGSEND = YES;
				GCC_C_LANGUAGE_STANDARD = gnu11;
				GCC_NO_COMMON_BLOCKS = YES;
				GCC_WARN_64_TO_32_BIT_CONVERSION = YES;
				GCC_WARN_ABOUT_RETURN_TYPE = YES_ERROR;
				GCC_WARN_UNDECLARED_SELECTOR = YES;
				GCC_WARN_UNINITIALIZED_AUTOS = YES_AGGRESSIVE;
				GCC_WARN_UNUSED_FUNCTION = YES;
				GCC_WARN_UNUSED_VARIABLE = YES;
				IPHONEOS_DEPLOYMENT_TARGET = 11.4;
				MTL_ENABLE_DEBUG_INFO = NO;
				SDKROOT = iphoneos;
				VALIDATE_PRODUCT = YES;
			};
			name = Release;
		};
		B8B596C52115F882003B1480 /* Debug */ = {
			isa = XCBuildConfiguration;
			baseConfigurationReference = 0176B335DE9B62022237ACE3 /* Pods-Digiwallet.debug.xcconfig */;
			buildSettings = {
				ASSETCATALOG_COMPILER_APPICON_NAME = AppIcon;
				CODE_SIGN_STYLE = Automatic;
				INFOPLIST_FILE = Digiwallet/Info.plist;
				LD_RUNPATH_SEARCH_PATHS = (
					"$(inherited)",
					"@executable_path/Frameworks",
				);
				PRODUCT_BUNDLE_IDENTIFIER = com.green.digiwallet;
				PRODUCT_NAME = "$(TARGET_NAME)";
				TARGETED_DEVICE_FAMILY = "1,2";
			};
			name = Debug;
		};
		B8B596C62115F882003B1480 /* Release */ = {
			isa = XCBuildConfiguration;
			baseConfigurationReference = 7006ADFFFA6CDE78131D4DAB /* Pods-Digiwallet.release.xcconfig */;
			buildSettings = {
				ASSETCATALOG_COMPILER_APPICON_NAME = AppIcon;
				CODE_SIGN_STYLE = Automatic;
				INFOPLIST_FILE = Digiwallet/Info.plist;
				LD_RUNPATH_SEARCH_PATHS = (
					"$(inherited)",
					"@executable_path/Frameworks",
				);
				PRODUCT_BUNDLE_IDENTIFIER = com.green.digiwallet;
				PRODUCT_NAME = "$(TARGET_NAME)";
				TARGETED_DEVICE_FAMILY = "1,2";
			};
			name = Release;
		};
		B8B596C82115F882003B1480 /* Debug */ = {
			isa = XCBuildConfiguration;
			baseConfigurationReference = 3EC8378AEFED9B53DBED3292 /* Pods-DigiwalletTests.debug.xcconfig */;
			buildSettings = {
				BUNDLE_LOADER = "$(TEST_HOST)";
				CODE_SIGN_STYLE = Automatic;
				INFOPLIST_FILE = DigiwalletTests/Info.plist;
				LD_RUNPATH_SEARCH_PATHS = (
					"$(inherited)",
					"@executable_path/Frameworks",
					"@loader_path/Frameworks",
				);
				PRODUCT_BUNDLE_IDENTIFIER = com.green.DigiwalletTests;
				PRODUCT_NAME = "$(TARGET_NAME)";
				TARGETED_DEVICE_FAMILY = "1,2";
				TEST_HOST = "$(BUILT_PRODUCTS_DIR)/Digiwallet.app/Digiwallet";
			};
			name = Debug;
		};
		B8B596C92115F882003B1480 /* Release */ = {
			isa = XCBuildConfiguration;
			baseConfigurationReference = 818081047FC078246C4CE245 /* Pods-DigiwalletTests.release.xcconfig */;
			buildSettings = {
				BUNDLE_LOADER = "$(TEST_HOST)";
				CODE_SIGN_STYLE = Automatic;
				INFOPLIST_FILE = DigiwalletTests/Info.plist;
				LD_RUNPATH_SEARCH_PATHS = (
					"$(inherited)",
					"@executable_path/Frameworks",
					"@loader_path/Frameworks",
				);
				PRODUCT_BUNDLE_IDENTIFIER = com.green.DigiwalletTests;
				PRODUCT_NAME = "$(TARGET_NAME)";
				TARGETED_DEVICE_FAMILY = "1,2";
				TEST_HOST = "$(BUILT_PRODUCTS_DIR)/Digiwallet.app/Digiwallet";
			};
			name = Release;
		};
		B8B596CB2115F882003B1480 /* Debug */ = {
			isa = XCBuildConfiguration;
			baseConfigurationReference = 9DAA8DD9BD897E111C39C5BF /* Pods-DigiwalletUITests.debug.xcconfig */;
			buildSettings = {
				CODE_SIGN_STYLE = Automatic;
				INFOPLIST_FILE = DigiwalletUITests/Info.plist;
				LD_RUNPATH_SEARCH_PATHS = (
					"$(inherited)",
					"@executable_path/Frameworks",
					"@loader_path/Frameworks",
				);
				PRODUCT_BUNDLE_IDENTIFIER = com.green.DigiwalletUITests;
				PRODUCT_NAME = "$(TARGET_NAME)";
				TARGETED_DEVICE_FAMILY = "1,2";
				TEST_TARGET_NAME = Digiwallet;
			};
			name = Debug;
		};
		B8B596CC2115F882003B1480 /* Release */ = {
			isa = XCBuildConfiguration;
			baseConfigurationReference = C8D4C3B75E1D21956CE5763D /* Pods-DigiwalletUITests.release.xcconfig */;
			buildSettings = {
				CODE_SIGN_STYLE = Automatic;
				INFOPLIST_FILE = DigiwalletUITests/Info.plist;
				LD_RUNPATH_SEARCH_PATHS = (
					"$(inherited)",
					"@executable_path/Frameworks",
					"@loader_path/Frameworks",
				);
				PRODUCT_BUNDLE_IDENTIFIER = com.green.DigiwalletUITests;
				PRODUCT_NAME = "$(TARGET_NAME)";
				TARGETED_DEVICE_FAMILY = "1,2";
				TEST_TARGET_NAME = Digiwallet;
			};
			name = Release;
		};
/* End XCBuildConfiguration section */

/* Begin XCConfigurationList section */
		B8B596902115F870003B1480 /* Build configuration list for PBXProject "Digiwallet" */ = {
			isa = XCConfigurationList;
			buildConfigurations = (
				B8B596C22115F882003B1480 /* Debug */,
				B8B596C32115F882003B1480 /* Release */,
			);
			defaultConfigurationIsVisible = 0;
			defaultConfigurationName = Release;
		};
		B8B596C42115F882003B1480 /* Build configuration list for PBXNativeTarget "Digiwallet" */ = {
			isa = XCConfigurationList;
			buildConfigurations = (
				B8B596C52115F882003B1480 /* Debug */,
				B8B596C62115F882003B1480 /* Release */,
			);
			defaultConfigurationIsVisible = 0;
			defaultConfigurationName = Release;
		};
		B8B596C72115F882003B1480 /* Build configuration list for PBXNativeTarget "DigiwalletTests" */ = {
			isa = XCConfigurationList;
			buildConfigurations = (
				B8B596C82115F882003B1480 /* Debug */,
				B8B596C92115F882003B1480 /* Release */,
			);
			defaultConfigurationIsVisible = 0;
			defaultConfigurationName = Release;
		};
		B8B596CA2115F882003B1480 /* Build configuration list for PBXNativeTarget "DigiwalletUITests" */ = {
			isa = XCConfigurationList;
			buildConfigurations = (
				B8B596CB2115F882003B1480 /* Debug */,
				B8B596CC2115F882003B1480 /* Release */,
			);
			defaultConfigurationIsVisible = 0;
			defaultConfigurationName = Release;
		};
/* End XCConfigurationList section */

/* Begin XCVersionGroup section */
		B8B596A12115F871003B1480 /* Digiwallet.xcdatamodeld */ = {
			isa = XCVersionGroup;
			children = (
				B8B596A22115F871003B1480 /* Digiwallet.xcdatamodel */,
			);
			currentVersion = B8B596A22115F871003B1480 /* Digiwallet.xcdatamodel */;
			path = Digiwallet.xcdatamodeld;
			sourceTree = "<group>";
			versionGroupType = wrapper.xcdatamodel;
		};
/* End XCVersionGroup section */
	};
	rootObject = B8B5968D2115F870003B1480 /* Project object */;
}
